
Microsoft Visual Studio Solution File, Format Version 12.00
# Visual Studio Version 17
VisualStudioVersion = 17.4.33122.133
MinimumVisualStudioVersion = 10.0.40219.1
Project("{9A19103F-16F7-4668-BE54-9A1E7A4F7556}") = "SynergisticLogging.Web", "SynergisticLogging.Web\SynergisticLogging.Web.csproj", "{4447033D-1142-4943-AF39-F57E95B22CA2}"
EndProject
Global
	GlobalSection(SolutionConfigurationPlatforms) = preSolution
		Debug|Any CPU = Debug|Any CPU
		Release|Any CPU = Release|Any CPU
	EndGlobalSection
	GlobalSection(ProjectConfigurationPlatforms) = postSolution
		{4447033D-1142-4943-AF39-F57E95B22CA2}.Debug|Any CPU.ActiveCfg = Debug|Any CPU
		{4447033D-1142-4943-AF39-F57E95B22CA2}.Debug|Any CPU.Build.0 = Debug|Any CPU
		{4447033D-1142-4943-AF39-F57E95B22CA2}.Release|Any CPU.ActiveCfg = Release|Any CPU
		{4447033D-1142-4943-AF39-F57E95B22CA2}.Release|Any CPU.Build.0 = Release|Any CPU
	EndGlobalSection
	GlobalSection(SolutionProperties) = preSolution
		HideSolutionNode = FALSE
	EndGlobalSection
	GlobalSection(ExtensibilityGlobals) = postSolution
		SolutionGuid = {23C621B6-D7BB-40D5-889D-83E390C5391F}
	EndGlobalSection
EndGlobal
